
Microsoft Visual Studio Solution File, Format Version 12.00
# Visual Studio Version 16
VisualStudioVersion = 16.0.31410.357
MinimumVisualStudioVersion = 10.0.40219.1
Project("{888888A0-9F3D-457C-B088-3A5042F75D52}") = "laba2Python", "laba2Python\laba2Python.pyproj", "{3282640F-1364-41F4-BC45-4816856B4FB0}"
EndProject
Global
	GlobalSection(SolutionConfigurationPlatforms) = preSolution
		Debug|Any CPU = Debug|Any CPU
		Release|Any CPU = Release|Any CPU
	EndGlobalSection
	GlobalSection(ProjectConfigurationPlatforms) = postSolution
		{3282640F-1364-41F4-BC45-4816856B4FB0}.Debug|Any CPU.ActiveCfg = Debug|Any CPU
		{3282640F-1364-41F4-BC45-4816856B4FB0}.Release|Any CPU.ActiveCfg = Release|Any CPU
	EndGlobalSection
	GlobalSection(SolutionProperties) = preSolution
		HideSolutionNode = FALSE
	EndGlobalSection
	GlobalSection(ExtensibilityGlobals) = postSolution
		SolutionGuid = {0F541BF1-A595-40B5-9CA1-8C0DCD662DF7}
	EndGlobalSection
EndGlobal
